// !$*UTF8*$!
{
	archiveVersion = 1;
	classes = {
	};
	objectVersion = 46;
	objects = {

/* Begin PBXBuildFile section */
		951D85991E0209C7004389A3 /* dynamic_programming.cpp in Sources */ = {isa = PBXBuildFile; fileRef = 951D85931E0209C7004389A3 /* dynamic_programming.cpp */; };
		951D859A1E0209C7004389A3 /* graphs.cpp in Sources */ = {isa = PBXBuildFile; fileRef = 951D85941E0209C7004389A3 /* graphs.cpp */; };
		951D859B1E0209C7004389A3 /* implementation.cpp in Sources */ = {isa = PBXBuildFile; fileRef = 951D85951E0209C7004389A3 /* implementation.cpp */; };
		951D859C1E0209C7004389A3 /* insertion_sort_counting.cpp in Sources */ = {isa = PBXBuildFile; fileRef = 951D85961E0209C7004389A3 /* insertion_sort_counting.cpp */; };
		951D859D1E0209C7004389A3 /* sorting.cpp in Sources */ = {isa = PBXBuildFile; fileRef = 951D85971E0209C7004389A3 /* sorting.cpp */; };
		951D859E1E0209C7004389A3 /* warmup.cpp in Sources */ = {isa = PBXBuildFile; fileRef = 951D85981E0209C7004389A3 /* warmup.cpp */; };
		957357A21F8D842D002E3EFF /* strings.cpp in Sources */ = {isa = PBXBuildFile; fileRef = 957357A01F8D842D002E3EFF /* strings.cpp */; };
		957BA682216BD276002E64B4 /* cpp_problems.cpp in Sources */ = {isa = PBXBuildFile; fileRef = 957BA681216BD276002E64B4 /* cpp_problems.cpp */; };
		957BA684216BD285002E64B4 /* codesprint.cpp in Sources */ = {isa = PBXBuildFile; fileRef = 957BA683216BD285002E64B4 /* codesprint.cpp */; };
		959854131E02062600849D08 /* hackerrank.cpp in Sources */ = {isa = PBXBuildFile; fileRef = 959854121E02062600849D08 /* hackerrank.cpp */; };
		95B263FC1F7A181300769BDC /* bigint.cpp in Sources */ = {isa = PBXBuildFile; fileRef = 95B263F91F7A181300769BDC /* bigint.cpp */; };
		95B263FD1F7A181300769BDC /* bit_manipulation.cpp in Sources */ = {isa = PBXBuildFile; fileRef = 95B263FB1F7A181300769BDC /* bit_manipulation.cpp */; };
/* End PBXBuildFile section */

/* Begin PBXCopyFilesBuildPhase section */
		9598540D1E02062600849D08 /* CopyFiles */ = {
			isa = PBXCopyFilesBuildPhase;
			buildActionMask = 2147483647;
			dstPath = /usr/share/man/man1/;
			dstSubfolderSpec = 0;
			files = (
			);
			runOnlyForDeploymentPostprocessing = 1;
		};
/* End PBXCopyFilesBuildPhase section */

/* Begin PBXFileReference section */
		951D85931E0209C7004389A3 /* dynamic_programming.cpp */ = {isa = PBXFileReference; fileEncoding = 4; lastKnownFileType = sourcecode.cpp.cpp; path = dynamic_programming.cpp; sourceTree = "<group>"; };
		951D85941E0209C7004389A3 /* graphs.cpp */ = {isa = PBXFileReference; fileEncoding = 4; lastKnownFileType = sourcecode.cpp.cpp; path = graphs.cpp; sourceTree = "<group>"; };
		951D85951E0209C7004389A3 /* implementation.cpp */ = {isa = PBXFileReference; fileEncoding = 4; lastKnownFileType = sourcecode.cpp.cpp; path = implementation.cpp; sourceTree = "<group>"; };
		951D85961E0209C7004389A3 /* insertion_sort_counting.cpp */ = {isa = PBXFileReference; fileEncoding = 4; lastKnownFileType = sourcecode.cpp.cpp; path = insertion_sort_counting.cpp; sourceTree = "<group>"; };
		951D85971E0209C7004389A3 /* sorting.cpp */ = {isa = PBXFileReference; fileEncoding = 4; lastKnownFileType = sourcecode.cpp.cpp; path = sorting.cpp; sourceTree = "<group>"; };
		951D85981E0209C7004389A3 /* warmup.cpp */ = {isa = PBXFileReference; fileEncoding = 4; lastKnownFileType = sourcecode.cpp.cpp; path = warmup.cpp; sourceTree = "<group>"; };
		951D85C51E020E60004389A3 /* warmup */ = {isa = PBXFileReference; lastKnownFileType = folder; name = warmup; path = hackerrank/test_data/warmup; sourceTree = "<group>"; };
		951D85C61E020EBB004389A3 /* graph */ = {isa = PBXFileReference; lastKnownFileType = folder; name = graph; path = hackerrank/test_data/graph; sourceTree = "<group>"; };
		951D85C71E020ED0004389A3 /* implementation */ = {isa = PBXFileReference; lastKnownFileType = folder; name = implementation; path = hackerrank/test_data/implementation; sourceTree = "<group>"; };
		951D85C81E020F09004389A3 /* algo-sorting */ = {isa = PBXFileReference; lastKnownFileType = folder; name = "algo-sorting"; path = "hackerrank/test_data/algo-sorting"; sourceTree = "<group>"; };
		951D85C91E020F25004389A3 /* strings */ = {isa = PBXFileReference; lastKnownFileType = folder; name = strings; path = hackerrank/test_data/strings; sourceTree = "<group>"; };
		9573579F1F8D819D002E3EFF /* suffixtree.h */ = {isa = PBXFileReference; lastKnownFileType = sourcecode.c.h; path = suffixtree.h; sourceTree = "<group>"; };
		957357A01F8D842D002E3EFF /* strings.cpp */ = {isa = PBXFileReference; lastKnownFileType = sourcecode.cpp.cpp; path = strings.cpp; sourceTree = "<group>"; };
		957357A11F8D842D002E3EFF /* strings.hpp */ = {isa = PBXFileReference; lastKnownFileType = sourcecode.cpp.h; path = strings.hpp; sourceTree = "<group>"; };
		957BA681216BD276002E64B4 /* cpp_problems.cpp */ = {isa = PBXFileReference; fileEncoding = 4; lastKnownFileType = sourcecode.cpp.cpp; path = cpp_problems.cpp; sourceTree = "<group>"; };
		957BA683216BD285002E64B4 /* codesprint.cpp */ = {isa = PBXFileReference; fileEncoding = 4; lastKnownFileType = sourcecode.cpp.cpp; path = codesprint.cpp; sourceTree = "<group>"; };
		957BA686217508D6002E64B4 /* classes_and_objects.txt */ = {isa = PBXFileReference; fileEncoding = 4; lastKnownFileType = text; name = classes_and_objects.txt; path = hackerrank/test_data/cpp/classes_and_objects.txt; sourceTree = "<group>"; };
		957BA687217508D6002E64B4 /* conditional_statements.txt */ = {isa = PBXFileReference; fileEncoding = 4; lastKnownFileType = text; name = conditional_statements.txt; path = hackerrank/test_data/cpp/conditional_statements.txt; sourceTree = "<group>"; };
		957BA688217508D6002E64B4 /* attribute_parser.txt */ = {isa = PBXFileReference; fileEncoding = 4; lastKnownFileType = text; name = attribute_parser.txt; path = hackerrank/test_data/cpp/attribute_parser.txt; sourceTree = "<group>"; };
		957BA689217508D6002E64B4 /* basic_data_types.txt */ = {isa = PBXFileReference; fileEncoding = 4; lastKnownFileType = text; name = basic_data_types.txt; path = hackerrank/test_data/cpp/basic_data_types.txt; sourceTree = "<group>"; };
		957BA68A217508D6002E64B4 /* attribute_parser1.txt */ = {isa = PBXFileReference; fileEncoding = 4; lastKnownFileType = text; name = attribute_parser1.txt; path = hackerrank/test_data/cpp/attribute_parser1.txt; sourceTree = "<group>"; };
		957BA68B217508D6002E64B4 /* maps_stl.txt */ = {isa = PBXFileReference; fileEncoding = 4; lastKnownFileType = text; name = maps_stl.txt; path = hackerrank/test_data/cpp/maps_stl.txt; sourceTree = "<group>"; };
		957BA68C217508D6002E64B4 /* for_loop.txt */ = {isa = PBXFileReference; fileEncoding = 4; lastKnownFileType = text; name = for_loop.txt; path = hackerrank/test_data/cpp/for_loop.txt; sourceTree = "<group>"; };
		957BA68D217508D6002E64B4 /* input_output.txt */ = {isa = PBXFileReference; fileEncoding = 4; lastKnownFileType = text; name = input_output.txt; path = hackerrank/test_data/cpp/input_output.txt; sourceTree = "<group>"; };
		957BA68E217508D6002E64B4 /* functions.txt */ = {isa = PBXFileReference; fileEncoding = 4; lastKnownFileType = text; name = functions.txt; path = hackerrank/test_data/cpp/functions.txt; sourceTree = "<group>"; };
		957BA68F217508D6002E64B4 /* variable_size_arrays.txt */ = {isa = PBXFileReference; fileEncoding = 4; lastKnownFileType = text; name = variable_size_arrays.txt; path = hackerrank/test_data/cpp/variable_size_arrays.txt; sourceTree = "<group>"; };
		957BA69021750905002E64B4 /* message_order.txt */ = {isa = PBXFileReference; fileEncoding = 4; lastKnownFileType = text; name = message_order.txt; path = hackerrank/test_data/cpp/message_order.txt; sourceTree = "<group>"; };
		9598540F1E02062600849D08 /* hackerrank */ = {isa = PBXFileReference; explicitFileType = "compiled.mach-o.executable"; includeInIndex = 0; path = hackerrank; sourceTree = BUILT_PRODUCTS_DIR; };
		959854121E02062600849D08 /* hackerrank.cpp */ = {isa = PBXFileReference; lastKnownFileType = sourcecode.cpp.cpp; path = hackerrank.cpp; sourceTree = "<group>"; };
		95B263F91F7A181300769BDC /* bigint.cpp */ = {isa = PBXFileReference; fileEncoding = 4; lastKnownFileType = sourcecode.cpp.cpp; path = bigint.cpp; sourceTree = "<group>"; };
		95B263FA1F7A181300769BDC /* bigint.h */ = {isa = PBXFileReference; fileEncoding = 4; lastKnownFileType = sourcecode.c.h; path = bigint.h; sourceTree = "<group>"; };
		95B263FB1F7A181300769BDC /* bit_manipulation.cpp */ = {isa = PBXFileReference; fileEncoding = 4; lastKnownFileType = sourcecode.cpp.cpp; path = bit_manipulation.cpp; sourceTree = "<group>"; };
/* End PBXFileReference section */

/* Begin PBXFrameworksBuildPhase section */
		9598540C1E02062600849D08 /* Frameworks */ = {
			isa = PBXFrameworksBuildPhase;
			buildActionMask = 2147483647;
			files = (
			);
			runOnlyForDeploymentPostprocessing = 0;
		};
/* End PBXFrameworksBuildPhase section */

/* Begin PBXGroup section */
		951D85A11E020D9E004389A3 /* test_data */ = {
			isa = PBXGroup;
			children = (
				957BA685217508AD002E64B4 /* cpp_problems */,
				951D85C91E020F25004389A3 /* strings */,
				951D85C81E020F09004389A3 /* algo-sorting */,
				951D85C71E020ED0004389A3 /* implementation */,
				951D85C61E020EBB004389A3 /* graph */,
				951D85C51E020E60004389A3 /* warmup */,
			);
			name = test_data;
			sourceTree = "<group>";
		};
		957BA685217508AD002E64B4 /* cpp_problems */ = {
			isa = PBXGroup;
			children = (
				957BA688217508D6002E64B4 /* attribute_parser.txt */,
				957BA68A217508D6002E64B4 /* attribute_parser1.txt */,
				957BA689217508D6002E64B4 /* basic_data_types.txt */,
				957BA686217508D6002E64B4 /* classes_and_objects.txt */,
				957BA687217508D6002E64B4 /* conditional_statements.txt */,
				957BA68C217508D6002E64B4 /* for_loop.txt */,
				957BA68E217508D6002E64B4 /* functions.txt */,
				957BA68D217508D6002E64B4 /* input_output.txt */,
				957BA68B217508D6002E64B4 /* maps_stl.txt */,
				957BA69021750905002E64B4 /* message_order.txt */,
				957BA68F217508D6002E64B4 /* variable_size_arrays.txt */,
			);
			name = cpp_problems;
			sourceTree = "<group>";
		};
		959854061E02062600849D08 = {
			isa = PBXGroup;
			children = (
				951D85A11E020D9E004389A3 /* test_data */,
				959854111E02062600849D08 /* hackerrank */,
				959854101E02062600849D08 /* Products */,
			);
			sourceTree = "<group>";
		};
		959854101E02062600849D08 /* Products */ = {
			isa = PBXGroup;
			children = (
				9598540F1E02062600849D08 /* hackerrank */,
			);
			name = Products;
			sourceTree = "<group>";
		};
		959854111E02062600849D08 /* hackerrank */ = {
			isa = PBXGroup;
			children = (
				957BA683216BD285002E64B4 /* codesprint.cpp */,
				957BA681216BD276002E64B4 /* cpp_problems.cpp */,
				95B263F91F7A181300769BDC /* bigint.cpp */,
				95B263FA1F7A181300769BDC /* bigint.h */,
				95B263FB1F7A181300769BDC /* bit_manipulation.cpp */,
				951D85931E0209C7004389A3 /* dynamic_programming.cpp */,
				951D85941E0209C7004389A3 /* graphs.cpp */,
				951D85951E0209C7004389A3 /* implementation.cpp */,
				951D85961E0209C7004389A3 /* insertion_sort_counting.cpp */,
				951D85971E0209C7004389A3 /* sorting.cpp */,
				951D85981E0209C7004389A3 /* warmup.cpp */,
				959854121E02062600849D08 /* hackerrank.cpp */,
				9573579F1F8D819D002E3EFF /* suffixtree.h */,
				957357A01F8D842D002E3EFF /* strings.cpp */,
				957357A11F8D842D002E3EFF /* strings.hpp */,
			);
			path = hackerrank;
			sourceTree = "<group>";
		};
/* End PBXGroup section */

/* Begin PBXNativeTarget section */
		9598540E1E02062600849D08 /* hackerrank */ = {
			isa = PBXNativeTarget;
			buildConfigurationList = 959854161E02062600849D08 /* Build configuration list for PBXNativeTarget "hackerrank" */;
			buildPhases = (
				9598540B1E02062600849D08 /* Sources */,
				9598540C1E02062600849D08 /* Frameworks */,
				9598540D1E02062600849D08 /* CopyFiles */,
			);
			buildRules = (
			);
			dependencies = (
			);
			name = hackerrank;
			productName = hackerrank;
			productReference = 9598540F1E02062600849D08 /* hackerrank */;
			productType = "com.apple.product-type.tool";
		};
/* End PBXNativeTarget section */

/* Begin PBXProject section */
		959854071E02062600849D08 /* Project object */ = {
			isa = PBXProject;
			attributes = {
				LastUpgradeCheck = 0930;
				ORGANIZATIONNAME = NA;
				TargetAttributes = {
					9598540E1E02062600849D08 = {
						CreatedOnToolsVersion = 8.1;
						ProvisioningStyle = Automatic;
					};
				};
			};
			buildConfigurationList = 9598540A1E02062600849D08 /* Build configuration list for PBXProject "hackerrank" */;
			compatibilityVersion = "Xcode 3.2";
			developmentRegion = English;
			hasScannedForEncodings = 0;
			knownRegions = (
				en,
			);
			mainGroup = 959854061E02062600849D08;
			productRefGroup = 959854101E02062600849D08 /* Products */;
			projectDirPath = "";
			projectRoot = "";
			targets = (
				9598540E1E02062600849D08 /* hackerrank */,
			);
		};
/* End PBXProject section */

/* Begin PBXSourcesBuildPhase section */
		9598540B1E02062600849D08 /* Sources */ = {
			isa = PBXSourcesBuildPhase;
			buildActionMask = 2147483647;
			files = (
				95B263FC1F7A181300769BDC /* bigint.cpp in Sources */,
				95B263FD1F7A181300769BDC /* bit_manipulation.cpp in Sources */,
				951D859D1E0209C7004389A3 /* sorting.cpp in Sources */,
				959854131E02062600849D08 /* hackerrank.cpp in Sources */,
				957357A21F8D842D002E3EFF /* strings.cpp in Sources */,
				951D859B1E0209C7004389A3 /* implementation.cpp in Sources */,
				951D859C1E0209C7004389A3 /* insertion_sort_counting.cpp in Sources */,
				957BA682216BD276002E64B4 /* cpp_problems.cpp in Sources */,
				951D859A1E0209C7004389A3 /* graphs.cpp in Sources */,
				951D85991E0209C7004389A3 /* dynamic_programming.cpp in Sources */,
				957BA684216BD285002E64B4 /* codesprint.cpp in Sources */,
				951D859E1E0209C7004389A3 /* warmup.cpp in Sources */,
			);
			runOnlyForDeploymentPostprocessing = 0;
		};
/* End PBXSourcesBuildPhase section */

/* Begin XCBuildConfiguration section */
		959854141E02062600849D08 /* Debug */ = {
			isa = XCBuildConfiguration;
			buildSettings = {
				ALWAYS_SEARCH_USER_PATHS = NO;
				CLANG_ANALYZER_NONNULL = YES;
				CLANG_CXX_LANGUAGE_STANDARD = "c++14";
				CLANG_CXX_LIBRARY = "libc++";
				CLANG_ENABLE_MODULES = YES;
				CLANG_ENABLE_OBJC_ARC = YES;
				CLANG_WARN_BLOCK_CAPTURE_AUTORELEASING = YES;
				CLANG_WARN_BOOL_CONVERSION = YES;
				CLANG_WARN_COMMA = YES;
				CLANG_WARN_CONSTANT_CONVERSION = YES;
				CLANG_WARN_DEPRECATED_OBJC_IMPLEMENTATIONS = YES;
				CLANG_WARN_DIRECT_OBJC_ISA_USAGE = YES_ERROR;
				CLANG_WARN_DOCUMENTATION_COMMENTS = YES;
				CLANG_WARN_EMPTY_BODY = YES;
				CLANG_WARN_ENUM_CONVERSION = YES;
				CLANG_WARN_INFINITE_RECURSION = YES;
				CLANG_WARN_INT_CONVERSION = YES;
				CLANG_WARN_NON_LITERAL_NULL_CONVERSION = YES;
				CLANG_WARN_OBJC_IMPLICIT_RETAIN_SELF = YES;
				CLANG_WARN_OBJC_LITERAL_CONVERSION = YES;
				CLANG_WARN_OBJC_ROOT_CLASS = YES_ERROR;
				CLANG_WARN_RANGE_LOOP_ANALYSIS = YES;
				CLANG_WARN_STRICT_PROTOTYPES = YES;
				CLANG_WARN_SUSPICIOUS_MOVE = YES;
				CLANG_WARN_SUSPICIOUS_MOVES = YES;
				CLANG_WARN_UNREACHABLE_CODE = YES;
				CLANG_WARN__DUPLICATE_METHOD_MATCH = YES;
				CODE_SIGN_IDENTITY = "-";
				COPY_PHASE_STRIP = NO;
				DEBUG_INFORMATION_FORMAT = dwarf;
				ENABLE_STRICT_OBJC_MSGSEND = YES;
				ENABLE_TESTABILITY = YES;
				GCC_C_LANGUAGE_STANDARD = gnu99;
				GCC_DYNAMIC_NO_PIC = NO;
				GCC_NO_COMMON_BLOCKS = YES;
				GCC_OPTIMIZATION_LEVEL = 0;
				GCC_PREPROCESSOR_DEFINITIONS = (
					"DEBUG=1",
					"$(inherited)",
				);
				GCC_WARN_64_TO_32_BIT_CONVERSION = YES;
				GCC_WARN_ABOUT_RETURN_TYPE = YES_ERROR;
				GCC_WARN_UNDECLARED_SELECTOR = YES;
				GCC_WARN_UNINITIALIZED_AUTOS = YES_AGGRESSIVE;
				GCC_WARN_UNUSED_FUNCTION = YES;
				GCC_WARN_UNUSED_VARIABLE = YES;
				MACOSX_DEPLOYMENT_TARGET = 10.12;
				MTL_ENABLE_DEBUG_INFO = YES;
				ONLY_ACTIVE_ARCH = YES;
				SDKROOT = macosx;
			};
			name = Debug;
		};
		959854151E02062600849D08 /* Release */ = {
			isa = XCBuildConfiguration;
			buildSettings = {
				ALWAYS_SEARCH_USER_PATHS = NO;
				CLANG_ANALYZER_NONNULL = YES;
				CLANG_CXX_LANGUAGE_STANDARD = "c++14";
				CLANG_CXX_LIBRARY = "libc++";
				CLANG_ENABLE_MODULES = YES;
				CLANG_ENABLE_OBJC_ARC = YES;
				CLANG_WARN_BLOCK_CAPTURE_AUTORELEASING = YES;
				CLANG_WARN_BOOL_CONVERSION = YES;
				CLANG_WARN_COMMA = YES;
				CLANG_WARN_CONSTANT_CONVERSION = YES;
				CLANG_WARN_DEPRECATED_OBJC_IMPLEMENTATIONS = YES;
				CLANG_WARN_DIRECT_OBJC_ISA_USAGE = YES_ERROR;
				CLANG_WARN_DOCUMENTATION_COMMENTS = YES;
				CLANG_WARN_EMPTY_BODY = YES;
				CLANG_WARN_ENUM_CONVERSION = YES;
				CLANG_WARN_INFINITE_RECURSION = YES;
				CLANG_WARN_INT_CONVERSION = YES;
				CLANG_WARN_NON_LITERAL_NULL_CONVERSION = YES;
				CLANG_WARN_OBJC_IMPLICIT_RETAIN_SELF = YES;
				CLANG_WARN_OBJC_LITERAL_CONVERSION = YES;
				CLANG_WARN_OBJC_ROOT_CLASS = YES_ERROR;
				CLANG_WARN_RANGE_LOOP_ANALYSIS = YES;
				CLANG_WARN_STRICT_PROTOTYPES = YES;
				CLANG_WARN_SUSPICIOUS_MOVE = YES;
				CLANG_WARN_SUSPICIOUS_MOVES = YES;
				CLANG_WARN_UNREACHABLE_CODE = YES;
				CLANG_WARN__DUPLICATE_METHOD_MATCH = YES;
				CODE_SIGN_IDENTITY = "-";
				COPY_PHASE_STRIP = NO;
				DEBUG_INFORMATION_FORMAT = "dwarf-with-dsym";
				ENABLE_NS_ASSERTIONS = NO;
				ENABLE_STRICT_OBJC_MSGSEND = YES;
				GCC_C_LANGUAGE_STANDARD = gnu99;
				GCC_NO_COMMON_BLOCKS = YES;
				GCC_WARN_64_TO_32_BIT_CONVERSION = YES;
				GCC_WARN_ABOUT_RETURN_TYPE = YES_ERROR;
				GCC_WARN_UNDECLARED_SELECTOR = YES;
				GCC_WARN_UNINITIALIZED_AUTOS = YES_AGGRESSIVE;
				GCC_WARN_UNUSED_FUNCTION = YES;
				GCC_WARN_UNUSED_VARIABLE = YES;
				MACOSX_DEPLOYMENT_TARGET = 10.12;
				MTL_ENABLE_DEBUG_INFO = NO;
				SDKROOT = macosx;
			};
			name = Release;
		};
		959854171E02062600849D08 /* Debug */ = {
			isa = XCBuildConfiguration;
			buildSettings = {
				PRODUCT_NAME = "$(TARGET_NAME)";
			};
			name = Debug;
		};
		959854181E02062600849D08 /* Release */ = {
			isa = XCBuildConfiguration;
			buildSettings = {
				PRODUCT_NAME = "$(TARGET_NAME)";
			};
			name = Release;
		};
/* End XCBuildConfiguration section */

/* Begin XCConfigurationList section */
		9598540A1E02062600849D08 /* Build configuration list for PBXProject "hackerrank" */ = {
			isa = XCConfigurationList;
			buildConfigurations = (
				959854141E02062600849D08 /* Debug */,
				959854151E02062600849D08 /* Release */,
			);
			defaultConfigurationIsVisible = 0;
			defaultConfigurationName = Release;
		};
		959854161E02062600849D08 /* Build configuration list for PBXNativeTarget "hackerrank" */ = {
			isa = XCConfigurationList;
			buildConfigurations = (
				959854171E02062600849D08 /* Debug */,
				959854181E02062600849D08 /* Release */,
			);
			defaultConfigurationIsVisible = 0;
			defaultConfigurationName = Release;
		};
/* End XCConfigurationList section */
	};
	rootObject = 959854071E02062600849D08 /* Project object */;
}
