<?xml version="1.0" encoding="utf-8"?>
<Project ToolsVersion="4.0" xmlns="http://schemas.microsoft.com/developer/msbuild/2003">
  <ItemGroup>
    <Filter Include="Source Files">
      <UniqueIdentifier>{4FC737F1-C7A5-4376-A066-2A32D752A2FF}</UniqueIdentifier>
      <Extensions>cpp;c;cc;cxx;def;odl;idl;hpj;bat;asm;asmx</Extensions>
    </Filter>
    <Filter Include="Header Files">
      <UniqueIdentifier>{93995380-89BD-4b04-88EB-625FBE52EBFB}</UniqueIdentifier>
      <Extensions>h;hh;hpp;hxx;hm;inl;inc;xsd</Extensions>
    </Filter>
    <Filter Include="Resource Files">
      <UniqueIdentifier>{67DA6AB6-F800-4c08-8B7A-83BB121AAD01}</UniqueIdentifier>
      <Extensions>rc;ico;cur;bmp;dlg;rc2;rct;bin;rgs;gif;jpg;jpeg;jpe;resx;tiff;tif;png;wav;mfcribbon-ms</Extensions>
    </Filter>
    <Filter Include="test_files">
      <UniqueIdentifier>{b51ea308-bc95-410f-9a13-c505420ebd2c}</UniqueIdentifier>
    </Filter>
    <Filter Include="test_files\warmup">
      <UniqueIdentifier>{48889502-d0e2-4311-afbc-ebf3391e1ab7}</UniqueIdentifier>
    </Filter>
    <Filter Include="test_files\implementation">
      <UniqueIdentifier>{4d87adee-99c6-432e-8a0f-db25cb2132bc}</UniqueIdentifier>
    </Filter>
    <Filter Include="test_files\graphs">
      <UniqueIdentifier>{9e7d39de-6096-4cbf-ad8c-987faa44eb82}</UniqueIdentifier>
    </Filter>
    <Filter Include="test_files\strings">
      <UniqueIdentifier>{60815f2f-af54-4a3f-83de-64709f15e35f}</UniqueIdentifier>
    </Filter>
    <Filter Include="test_files\sorting">
      <UniqueIdentifier>{93aedf22-146d-4bb6-9cf6-76cc8be0a367}</UniqueIdentifier>
    </Filter>
    <Filter Include="test_files\bit_manipulation">
      <UniqueIdentifier>{4a225e1b-666b-426a-a4ee-1319463244ea}</UniqueIdentifier>
    </Filter>
    <Filter Include="test_files\cpp">
      <UniqueIdentifier>{79700dd2-3ab4-4385-af79-2b3dcdf39c5e}</UniqueIdentifier>
    </Filter>
  </ItemGroup>
  <ItemGroup>
    <Text Include="ReadMe.txt" />
    <Text Include="graph\bfsshortreach.txt">
      <Filter>test_files\graphs</Filter>
    </Text>
    <Text Include="strings\alternating-characters.txt">
      <Filter>test_files\strings</Filter>
    </Text>
    <Text Include="strings\anagram.txt">
      <Filter>test_files\strings</Filter>
    </Text>
    <Text Include="strings\beautiful-binary-string.txt">
      <Filter>test_files\strings</Filter>
    </Text>
    <Text Include="strings\camelcase.txt">
      <Filter>test_files\strings</Filter>
    </Text>
    <Text Include="strings\ceasar-cipher.txt">
      <Filter>test_files\strings</Filter>
    </Text>
    <Text Include="strings\funny-string.txt">
      <Filter>test_files\strings</Filter>
    </Text>
    <Text Include="strings\game-of-thrones.txt">
      <Filter>test_files\strings</Filter>
    </Text>
    <Text Include="strings\game-of-thrones-1.txt">
      <Filter>test_files\strings</Filter>
    </Text>
    <Text Include="strings\gem-stones.txt">
      <Filter>test_files\strings</Filter>
    </Text>
    <Text Include="strings\making-anagrams.txt">
      <Filter>test_files\strings</Filter>
    </Text>
    <Text Include="strings\mars-exploration.txt">
      <Filter>test_files\strings</Filter>
    </Text>
    <Text Include="strings\palindrome-index.txt">
      <Filter>test_files\strings</Filter>
    </Text>
    <Text Include="strings\pangrams.txt">
      <Filter>test_files\strings</Filter>
    </Text>
    <Text Include="strings\reduced-string.txt">
      <Filter>test_files\strings</Filter>
    </Text>
    <Text Include="strings\sherlock-and-valid-string.txt">
      <Filter>test_files\strings</Filter>
    </Text>
    <Text Include="strings\sherlock-and-valid-string-.txt">
      <Filter>test_files\strings</Filter>
    </Text>
    <Text Include="strings\sherlock-and-valid-string-1.txt">
      <Filter>test_files\strings</Filter>
    </Text>
    <Text Include="strings\sherlock-and-valid-string-2.txt">
      <Filter>test_files\strings</Filter>
    </Text>
    <Text Include="strings\the-love-letter-mystery.txt">
      <Filter>test_files\strings</Filter>
    </Text>
    <Text Include="strings\two-characters.txt">
      <Filter>test_files\strings</Filter>
    </Text>
    <Text Include="strings\two-characters-1.txt">
      <Filter>test_files\strings</Filter>
    </Text>
    <Text Include="strings\two-strings.txt">
      <Filter>test_files\strings</Filter>
    </Text>
    <Text Include="test_data\warmup\a-very-big-sum.txt">
      <Filter>test_files\warmup</Filter>
    </Text>
    <Text Include="test_data\warmup\circular-array-rotation.txt">
      <Filter>test_files\warmup</Filter>
    </Text>
    <Text Include="test_data\warmup\compare-the-triplets.txt">
      <Filter>test_files\warmup</Filter>
    </Text>
    <Text Include="test_data\warmup\diagonal-difference.txt">
      <Filter>test_files\warmup</Filter>
    </Text>
    <Text Include="test_data\warmup\plus-minus.txt">
      <Filter>test_files\warmup</Filter>
    </Text>
    <Text Include="test_data\warmup\ReadMe.txt">
      <Filter>test_files\warmup</Filter>
    </Text>
    <Text Include="test_data\warmup\simple-array-sum.txt">
      <Filter>test_files\warmup</Filter>
    </Text>
    <Text Include="test_data\warmup\staircase.txt">
      <Filter>test_files\warmup</Filter>
    </Text>
    <Text Include="test_data\warmup\time-conversion.txt">
      <Filter>test_files\warmup</Filter>
    </Text>
    <Text Include="test_data\implementation\angry-professor.txt">
      <Filter>test_files\implementation</Filter>
    </Text>
    <Text Include="test_data\implementation\apple-and-orange.txt">
      <Filter>test_files\implementation</Filter>
    </Text>
    <Text Include="test_data\implementation\cavity-map.txt">
      <Filter>test_files\implementation</Filter>
    </Text>
    <Text Include="test_data\implementation\designer-pdf-viewer.txt">
      <Filter>test_files\implementation</Filter>
    </Text>
    <Text Include="test_data\implementation\find-digits.txt">
      <Filter>test_files\implementation</Filter>
    </Text>
    <Text Include="test_data\implementation\kangaroo.txt">
      <Filter>test_files\implementation</Filter>
    </Text>
    <Text Include="test_data\implementation\matrix_layer_rotation.txt">
      <Filter>test_files\implementation</Filter>
    </Text>
    <Text Include="test_data\implementation\mini-max-sum.txt">
      <Filter>test_files\implementation</Filter>
    </Text>
    <Text Include="test_data\implementation\strange-code.txt">
      <Filter>test_files\implementation</Filter>
    </Text>
    <Text Include="test_data\implementation\utopian-tree.txt">
      <Filter>test_files\implementation</Filter>
    </Text>
    <Text Include="test_data\sorting\closest-numbers.txt">
      <Filter>test_files\sorting</Filter>
    </Text>
    <Text Include="test_data\sorting\correctness-invariant.txt">
      <Filter>test_files\sorting</Filter>
    </Text>
    <Text Include="test_data\sorting\countingsort1.txt">
      <Filter>test_files\sorting</Filter>
    </Text>
    <Text Include="test_data\sorting\countingsort2.txt">
      <Filter>test_files\sorting</Filter>
    </Text>
    <Text Include="test_data\sorting\countingsort3.txt">
      <Filter>test_files\sorting</Filter>
    </Text>
    <Text Include="test_data\sorting\countingsort4.txt">
      <Filter>test_files\sorting</Filter>
    </Text>
    <Text Include="test_data\sorting\find-the-median.txt">
      <Filter>test_files\sorting</Filter>
    </Text>
    <Text Include="test_data\sorting\fraudulent-activity-notifications.txt">
      <Filter>test_files\sorting</Filter>
    </Text>
    <Text Include="test_data\sorting\insertion-sort.txt">
      <Filter>test_files\sorting</Filter>
    </Text>
    <Text Include="test_data\sorting\insertionsort1.txt">
      <Filter>test_files\sorting</Filter>
    </Text>
    <Text Include="test_data\sorting\insertionsort2.txt">
      <Filter>test_files\sorting</Filter>
    </Text>
    <Text Include="test_data\sorting\quicksort1.txt">
      <Filter>test_files\sorting</Filter>
    </Text>
    <Text Include="test_data\sorting\quicksort2.txt">
      <Filter>test_files\sorting</Filter>
    </Text>
    <Text Include="test_data\sorting\quicksort3.txt">
      <Filter>test_files\sorting</Filter>
    </Text>
    <Text Include="test_data\sorting\runningtime.txt">
      <Filter>test_files\sorting</Filter>
    </Text>
    <Text Include="test_data\sorting\tutorial-intro.txt">
      <Filter>test_files\sorting</Filter>
    </Text>
    <Text Include="test_data\bit_manipulation\maximizing-xor.txt">
      <Filter>test_files\bit_manipulation</Filter>
    </Text>
    <Text Include="test_data\cpp\input_output.txt">
      <Filter>test_files\cpp</Filter>
    </Text>
    <Text Include="test_data\cpp\attribute_parser.txt">
      <Filter>test_files\cpp</Filter>
    </Text>
    <Text Include="test_data\cpp\attribute_parser1.txt">
      <Filter>test_files\cpp</Filter>
    </Text>
    <Text Include="test_data\cpp\basic_data_types.txt">
      <Filter>test_files\cpp</Filter>
    </Text>
    <Text Include="test_data\cpp\classes_and_objects.txt">
      <Filter>test_files\cpp</Filter>
    </Text>
    <Text Include="test_data\cpp\conditional_statements.txt">
      <Filter>test_files\cpp</Filter>
    </Text>
    <Text Include="test_data\cpp\for_loop.txt">
      <Filter>test_files\cpp</Filter>
    </Text>
    <Text Include="test_data\cpp\functions.txt">
      <Filter>test_files\cpp</Filter>
    </Text>
    <Text Include="test_data\cpp\maps_stl.txt">
      <Filter>test_files\cpp</Filter>
    </Text>
    <Text Include="test_data\cpp\message_order.txt">
      <Filter>test_files\cpp</Filter>
    </Text>
    <Text Include="test_data\cpp\variable_size_arrays.txt">
      <Filter>test_files\cpp</Filter>
    </Text>
    <Text Include="test_data\cpp\virtual_functions.txt">
      <Filter>test_files\cpp</Filter>
    </Text>
    <Text Include="test_data\cpp\attending-workshops.txt">
      <Filter>test_files\cpp</Filter>
    </Text>
    <Text Include="test_data\cpp\attending-workshops1.txt">
      <Filter>test_files\cpp</Filter>
    </Text>
    <Text Include="test_data\cpp\deque-stl.txt">
      <Filter>test_files\cpp</Filter>
    </Text>
    <Text Include="test_data\cpp\polymorphism.txt">
      <Filter>test_files\cpp</Filter>
    </Text>
    <Text Include="test_data\cpp\polymorphism1.txt">
      <Filter>test_files\cpp</Filter>
    </Text>
    <Text Include="test_data\cpp\polymorphism2.txt">
      <Filter>test_files\cpp</Filter>
    </Text>
    <Text Include="test_data\cpp\polymorphism2_output.txt">
      <Filter>test_files\cpp</Filter>
    </Text>
    <Text Include="test_data\strings\twotwo.txt">
      <Filter>test_files\strings</Filter>
    </Text>
    <Text Include="test_data\strings\alternating-characters.txt">
      <Filter>test_files\strings</Filter>
    </Text>
    <Text Include="test_data\strings\anagram.txt">
      <Filter>test_files\strings</Filter>
    </Text>
    <Text Include="test_data\strings\bear-and-steady-gene.txt">
      <Filter>test_files\strings</Filter>
    </Text>
    <Text Include="test_data\strings\beautiful-binary-string.txt">
      <Filter>test_files\strings</Filter>
    </Text>
    <Text Include="test_data\strings\camelcase.txt">
      <Filter>test_files\strings</Filter>
    </Text>
    <Text Include="test_data\strings\ceasar-cipher.txt">
      <Filter>test_files\strings</Filter>
    </Text>
    <Text Include="test_data\strings\circular-palindromes.txt">
      <Filter>test_files\strings</Filter>
    </Text>
    <Text Include="test_data\strings\circular-palindromes-1.txt">
      <Filter>test_files\strings</Filter>
    </Text>
    <Text Include="test_data\strings\common-child.txt">
      <Filter>test_files\strings</Filter>
    </Text>
    <Text Include="test_data\strings\funny-string.txt">
      <Filter>test_files\strings</Filter>
    </Text>
    <Text Include="test_data\strings\game-of-thrones.txt">
      <Filter>test_files\strings</Filter>
    </Text>
    <Text Include="test_data\strings\game-of-thrones-1.txt">
      <Filter>test_files\strings</Filter>
    </Text>
    <Text Include="test_data\strings\gem-stones.txt">
      <Filter>test_files\strings</Filter>
    </Text>
    <Text Include="test_data\strings\making-anagrams.txt">
      <Filter>test_files\strings</Filter>
    </Text>
    <Text Include="test_data\strings\mars-exploration.txt">
      <Filter>test_files\strings</Filter>
    </Text>
    <Text Include="test_data\strings\morgan-and-a-string.txt">
      <Filter>test_files\strings</Filter>
    </Text>
    <Text Include="test_data\strings\palindrome-index.txt">
      <Filter>test_files\strings</Filter>
    </Text>
    <Text Include="test_data\strings\pangrams.txt">
      <Filter>test_files\strings</Filter>
    </Text>
    <Text Include="test_data\strings\reduced-string.txt">
      <Filter>test_files\strings</Filter>
    </Text>
    <Text Include="test_data\strings\richie-rich.txt">
      <Filter>test_files\strings</Filter>
    </Text>
    <Text Include="test_data\strings\richie-rich-1.txt">
      <Filter>test_files\strings</Filter>
    </Text>
    <Text Include="test_data\strings\richie-rich-2.txt">
      <Filter>test_files\strings</Filter>
    </Text>
    <Text Include="test_data\strings\richie-rich-3.txt">
      <Filter>test_files\strings</Filter>
    </Text>
    <Text Include="test_data\strings\sherlock-and-anagrams.txt">
      <Filter>test_files\strings</Filter>
    </Text>
    <Text Include="test_data\strings\sherlock-and-valid-string.txt">
      <Filter>test_files\strings</Filter>
    </Text>
    <Text Include="test_data\strings\sherlock-and-valid-string-.txt">
      <Filter>test_files\strings</Filter>
    </Text>
    <Text Include="test_data\strings\sherlock-and-valid-string-1.txt">
      <Filter>test_files\strings</Filter>
    </Text>
    <Text Include="test_data\strings\sherlock-and-valid-string-2.txt">
      <Filter>test_files\strings</Filter>
    </Text>
    <Text Include="test_data\strings\string-construction.txt">
      <Filter>test_files\strings</Filter>
    </Text>
    <Text Include="test_data\strings\the-love-letter-mystery.txt">
      <Filter>test_files\strings</Filter>
    </Text>
    <Text Include="test_data\strings\two-characters.txt">
      <Filter>test_files\strings</Filter>
    </Text>
    <Text Include="test_data\strings\two-characters-1.txt">
      <Filter>test_files\strings</Filter>
    </Text>
    <Text Include="test_data\strings\two-strings.txt">
      <Filter>test_files\strings</Filter>
    </Text>
    <Text Include="test_data\strings\twotwo1.txt">
      <Filter>test_files\strings</Filter>
    </Text>
    <Text Include="test_data\strings\twotwo2.txt">
      <Filter>test_files\strings</Filter>
    </Text>
  </ItemGroup>
  <ItemGroup>
    <ClInclude Include="stdafx.h">
      <Filter>Header Files</Filter>
    </ClInclude>
    <ClInclude Include="targetver.h">
      <Filter>Header Files</Filter>
    </ClInclude>
    <ClInclude Include="bigint.h">
      <Filter>Source Files</Filter>
    </ClInclude>
  </ItemGroup>
  <ItemGroup>
    <ClCompile Include="stdafx.cpp">
      <Filter>Source Files</Filter>
    </ClCompile>
    <ClCompile Include="hackerrank.cpp">
      <Filter>Source Files</Filter>
    </ClCompile>
    <ClCompile Include="warmup.cpp">
      <Filter>Source Files</Filter>
    </ClCompile>
    <ClCompile Include="dynamic_programming.cpp">
      <Filter>Source Files</Filter>
    </ClCompile>
    <ClCompile Include="graphs.cpp">
      <Filter>Source Files</Filter>
    </ClCompile>
    <ClCompile Include="implementation.cpp">
      <Filter>Source Files</Filter>
    </ClCompile>
    <ClCompile Include="sorting.cpp">
      <Filter>Source Files</Filter>
    </ClCompile>
    <ClCompile Include="bigint.cpp">
      <Filter>Source Files</Filter>
    </ClCompile>
    <ClCompile Include="bit_manipulation.cpp">
      <Filter>Source Files</Filter>
    </ClCompile>
    <ClCompile Include="codesprint.cpp">
      <Filter>Source Files</Filter>
    </ClCompile>
    <ClCompile Include="cpp_problems.cpp">
      <Filter>Source Files</Filter>
    </ClCompile>
    <ClCompile Include="strings.cpp">
      <Filter>Source Files</Filter>
    </ClCompile>
    <ClCompile Include="search.cpp">
      <Filter>Source Files</Filter>
    </ClCompile>
    <ClCompile Include="debug_cpp.cpp">
      <Filter>Source Files</Filter>
    </ClCompile>
    <ClCompile Include="greedy.cpp">
      <Filter>Source Files</Filter>
    </ClCompile>
  </ItemGroup>
</Project>